
Microsoft Visual Studio Solution File, Format Version 12.00
# Visual Studio Version 17
VisualStudioVersion = 17.7.34024.191
MinimumVisualStudioVersion = 10.0.40219.1
Project("{9A19103F-16F7-4668-BE54-9A1E7A4F7556}") = "LeaveAppTutorial", "LeaveAppTutorial\LeaveAppTutorial.csproj", "{7AF3D43B-EBDC-4BE1-9FF6-2B4F119DFA31}"
EndProject
Global
	GlobalSection(SolutionConfigurationPlatforms) = preSolution
		Debug|Any CPU = Debug|Any CPU
		Release|Any CPU = Release|Any CPU
	EndGlobalSection
	GlobalSection(ProjectConfigurationPlatforms) = postSolution
		{7AF3D43B-EBDC-4BE1-9FF6-2B4F119DFA31}.Debug|Any CPU.ActiveCfg = Debug|Any CPU
		{7AF3D43B-EBDC-4BE1-9FF6-2B4F119DFA31}.Debug|Any CPU.Build.0 = Debug|Any CPU
		{7AF3D43B-EBDC-4BE1-9FF6-2B4F119DFA31}.Release|Any CPU.ActiveCfg = Release|Any CPU
		{7AF3D43B-EBDC-4BE1-9FF6-2B4F119DFA31}.Release|Any CPU.Build.0 = Release|Any CPU
	EndGlobalSection
	GlobalSection(SolutionProperties) = preSolution
		HideSolutionNode = FALSE
	EndGlobalSection
	GlobalSection(ExtensibilityGlobals) = postSolution
		SolutionGuid = {4900B37A-5C35-43DF-933D-F8FD6595B00C}
	EndGlobalSection
EndGlobal
